
Microsoft Visual Studio Solution File, Format Version 12.00
# Visual Studio Version 17
VisualStudioVersion = 17.2.32526.322
MinimumVisualStudioVersion = 10.0.40219.1
Project("{FAE04EC0-301F-11D3-BF4B-00C04F79EFBC}") = "www.Megamart.com", "www.Megamart.com\www.Megamart.com.csproj", "{129CA64A-75C8-4951-B068-3CB9BF4CDBCD}"
EndProject
Global
	GlobalSection(SolutionConfigurationPlatforms) = preSolution
		Debug|Any CPU = Debug|Any CPU
		Release|Any CPU = Release|Any CPU
	EndGlobalSection
	GlobalSection(ProjectConfigurationPlatforms) = postSolution
		{129CA64A-75C8-4951-B068-3CB9BF4CDBCD}.Debug|Any CPU.ActiveCfg = Debug|Any CPU
		{129CA64A-75C8-4951-B068-3CB9BF4CDBCD}.Debug|Any CPU.Build.0 = Debug|Any CPU
		{129CA64A-75C8-4951-B068-3CB9BF4CDBCD}.Release|Any CPU.ActiveCfg = Release|Any CPU
		{129CA64A-75C8-4951-B068-3CB9BF4CDBCD}.Release|Any CPU.Build.0 = Release|Any CPU
	EndGlobalSection
	GlobalSection(SolutionProperties) = preSolution
		HideSolutionNode = FALSE
	EndGlobalSection
	GlobalSection(ExtensibilityGlobals) = postSolution
		SolutionGuid = {7D2BD558-219B-4FB3-BACA-2547A9A79C5D}
	EndGlobalSection
EndGlobal
